dependencies:
- name: postgresql
  repository: oci://registry-1.docker.io/bitnamicharts
  version: 18.10.0
- name: redis
  repository: oci://registry-1.docker.io/bitnamicharts
  version: 24.0.0
digest: sha256:7152452e022cdc4c0a6fc37683ec5dba9065085258f8a0ce4fc0b64be9aae9b9
generated: "2026-09-09T17:01:34.654400564Z"
